<?xml version="1.0" encoding="utf-8"?>
<Project ToolsVersion="4.0" xmlns="http://schemas.microsoft.com/developer/msbuild/2003">
  <ItemGroup>
    <Filter Include="Исходные файлы">
      <UniqueIdentifier>{4FC737F1-C7A5-4376-A066-2A32D752A2FF}</UniqueIdentifier>
      <Extensions>cpp;c;cc;cxx;c++;cppm;ixx;def;odl;idl;hpj;bat;asm;asmx</Extensions>
    </Filter>
    <Filter Include="Файлы заголовков">
      <UniqueIdentifier>{93995380-89BD-4b04-88EB-625FBE52EBFB}</UniqueIdentifier>
      <Extensions>h;hh;hpp;hxx;h++;hm;inl;inc;ipp;xsd</Extensions>
    </Filter>
    <Filter Include="Файлы ресурсов">
      <UniqueIdentifier>{67DA6AB6-F800-4c08-8B7A-83BB121AAD01}</UniqueIdentifier>
      <Extensions>rc;ico;cur;bmp;dlg;rc2;rct;bin;rgs;gif;jpg;jpeg;jpe;resx;tiff;tif;png;wav;mfcribbon-ms</Extensions>
    </Filter>
    <Filter Include="Exceptions cpp">
      <UniqueIdentifier>{dec1933c-f72b-4bb8-86f4-9ad4488f6d95}</UniqueIdentifier>
    </Filter>
    <Filter Include="Exceptions h">
      <UniqueIdentifier>{aae5198b-fb7b-42a3-8068-9d7600bf1d9c}</UniqueIdentifier>
    </Filter>
  </ItemGroup>
  <ItemGroup>
    <ClCompile Include="Matrix.cpp">
      <Filter>Исходные файлы</Filter>
    </ClCompile>
    <ClCompile Include="GlobalFunctions.cpp">
      <Filter>Исходные файлы</Filter>
    </ClCompile>
    <ClCompile Include="Vector.cpp">
      <Filter>Исходные файлы</Filter>
    </ClCompile>
    <ClCompile Include="VectorSpace.cpp">
      <Filter>Исходные файлы</Filter>
    </ClCompile>
    <ClCompile Include="Point.cpp">
      <Filter>Исходные файлы</Filter>
    </ClCompile>
    <ClCompile Include="CoordinateSystem.cpp">
      <Filter>Исходные файлы</Filter>
    </ClCompile>
    <ClCompile Include="StrFormater.cpp">
      <Filter>Исходные файлы</Filter>
    </ClCompile>
    <ClCompile Include="GrlibException.cpp">
      <Filter>Exceptions cpp</Filter>
    </ClCompile>
    <ClCompile Include="IncompatibleMatricesSizesException.cpp">
      <Filter>Exceptions cpp</Filter>
    </ClCompile>
    <ClCompile Include="IncompatibleVectorSizes.cpp">
      <Filter>Exceptions cpp</Filter>
    </ClCompile>
    <ClCompile Include="InvalidArgumentException.cpp">
      <Filter>Exceptions cpp</Filter>
    </ClCompile>
    <ClCompile Include="InvalidMatrixIndexException.cpp">
      <Filter>Exceptions cpp</Filter>
    </ClCompile>
    <ClCompile Include="InvalidObjectException.cpp">
      <Filter>Exceptions cpp</Filter>
    </ClCompile>
    <ClCompile Include="InvalidVectorIndex.cpp">
      <Filter>Exceptions cpp</Filter>
    </ClCompile>
    <ClCompile Include="IsSingularMatrixException.cpp">
      <Filter>Exceptions cpp</Filter>
    </ClCompile>
    <ClCompile Include="NotSquareMatrixException.cpp">
      <Filter>Exceptions cpp</Filter>
    </ClCompile>
    <ClCompile Include="OverflowMatrixInsertException.cpp">
      <Filter>Exceptions cpp</Filter>
    </ClCompile>
    <ClCompile Include="Engine.cpp">
      <Filter>Исходные файлы</Filter>
    </ClCompile>
    <ClCompile Include="SceneException.cpp">
      <Filter>Exceptions cpp</Filter>
    </ClCompile>
  </ItemGroup>
  <ItemGroup>
    <ClInclude Include="GrlibHeaders\Grlib.h">
      <Filter>Файлы заголовков</Filter>
    </ClInclude>
    <ClInclude Include="GrlibHeaders\Matrix.h">
      <Filter>Файлы заголовков</Filter>
    </ClInclude>
    <ClInclude Include="GrlibHeaders\Vector.h">
      <Filter>Файлы заголовков</Filter>
    </ClInclude>
    <ClInclude Include="GrlibHeaders\VectorSpace.h">
      <Filter>Файлы заголовков</Filter>
    </ClInclude>
    <ClInclude Include="GrlibHeaders\GlobalFunctions.h">
      <Filter>Файлы заголовков</Filter>
    </ClInclude>
    <ClInclude Include="GrlibHeaders\Point.h">
      <Filter>Файлы заголовков</Filter>
    </ClInclude>
    <ClInclude Include="GrlibHeaders\CoordinateSystem.h">
      <Filter>Файлы заголовков</Filter>
    </ClInclude>
    <ClInclude Include="GrlibHeaders\GrlibConsts.h">
      <Filter>Файлы заголовков</Filter>
    </ClInclude>
    <ClInclude Include="GrlibHeaders\StrFormater.h">
      <Filter>Файлы заголовков</Filter>
    </ClInclude>
    <ClInclude Include="GrlibHeaders\GrlibException.h">
      <Filter>Exceptions h</Filter>
    </ClInclude>
    <ClInclude Include="GrlibHeaders\IncompatibleMatricesSizesException.h">
      <Filter>Exceptions h</Filter>
    </ClInclude>
    <ClInclude Include="GrlibHeaders\IncompatibleVectorSizes.h">
      <Filter>Exceptions h</Filter>
    </ClInclude>
    <ClInclude Include="GrlibHeaders\InvalidArgumentException.h">
      <Filter>Exceptions h</Filter>
    </ClInclude>
    <ClInclude Include="GrlibHeaders\InvalidMatrixIndexException.h">
      <Filter>Exceptions h</Filter>
    </ClInclude>
    <ClInclude Include="GrlibHeaders\InvalidObjectException.h">
      <Filter>Exceptions h</Filter>
    </ClInclude>
    <ClInclude Include="GrlibHeaders\InvalidVectorIndex.h">
      <Filter>Exceptions h</Filter>
    </ClInclude>
    <ClInclude Include="GrlibHeaders\IsSingularMatrixException.h">
      <Filter>Exceptions h</Filter>
    </ClInclude>
    <ClInclude Include="GrlibHeaders\NotSquareMatrixException.h">
      <Filter>Exceptions h</Filter>
    </ClInclude>
    <ClInclude Include="GrlibHeaders\OverflowMatrixInsertException.h">
      <Filter>Exceptions h</Filter>
    </ClInclude>
    <ClInclude Include="GrlibHeaders\Engine.h">
      <Filter>Файлы заголовков</Filter>
    </ClInclude>
    <ClInclude Include="GrlibHeaders\SceneException.h">
      <Filter>Exceptions h</Filter>
    </ClInclude>
  </ItemGroup>
</Project>